{
  "name": "TZT指纹浏览器",
  "lockfileVersion": 3,
  "requires": true,
  "packages": {
    "": {
      "devDependencies": {
        "@tauri-apps/cli": "^2.9.3"
      }
    },
    "node_modules/@tauri-apps/cli": {
      "version": "2.9.3",
      "resolved": "http://mirrors.cloud.tencent.com/npm/@tauri-apps/cli/-/cli-2.9.3.tgz",
      "integrity": "sha512-BQ7iLUXTQcyG1PpzLWeVSmBCedYDpnA/6Cm/kRFGtqjTf/eVUlyYO5S2ee07tLum3nWwDBWTGFZeruO8yEukfA==",
      "dev": true,
      "license": "Apache-2.0 OR MIT",
      "bin": {
        "tauri": "tauri.js"
      },
      "engines": {
        "node": ">= 10"
      },
      "funding": {
        "type": "opencollective",
        "url": "https://opencollective.com/tauri"
      },
      "optionalDependencies": {
        "@tauri-apps/cli-darwin-arm64": "2.9.3",
        "@tauri-apps/cli-darwin-x64": "2.9.3",
        "@tauri-apps/cli-linux-arm-gnueabihf": "2.9.3",
        "@tauri-apps/cli-linux-arm64-gnu": "2.9.3",
        "@tauri-apps/cli-linux-arm64-musl": "2.9.3",
        "@tauri-apps/cli-linux-riscv64-gnu": "2.9.3",
        "@tauri-apps/cli-linux-x64-gnu": "2.9.3",
        "@tauri-apps/cli-linux-x64-musl": "2.9.3",
        "@tauri-apps/cli-win32-arm64-msvc": "2.9.3",
        "@tauri-apps/cli-win32-ia32-msvc": "2.9.3",
        "@tauri-apps/cli-win32-x64-msvc": "2.9.3"
      }
    },
    "node_modules/@tauri-apps/cli-darwin-arm64": {
      "version": "2.9.3",
      "resolved": "http://mirrors.cloud.tencent.com/npm/@tauri-apps/cli-darwin-arm64/-/cli-darwin-arm64-2.9.3.tgz",
      "integrity": "sha512-W8FQXZXQmQ0Fmj9UJXNrm2mLdIaLLriKVY7o/FzmizyIKTPIvHjfZALTNybbpTQRbJvKoGHLrW1DNzAWVDWJYg==",
      "cpu": [
        "arm64"
      ],
      "dev": true,
      "license": "Apache-2.0 OR MIT",
      "optional": true,
      "os": [
        "darwin"
      ],
      "engines": {
        "node": ">= 10"
      }
    },
    "node_modules/@tauri-apps/cli-darwin-x64": {
      "version": "2.9.3",
      "resolved": "http://mirrors.cloud.tencent.com/npm/@tauri-apps/cli-darwin-x64/-/cli-darwin-x64-2.9.3.tgz",
      "integrity": "sha512-zDwu40rlshijt3TU6aRvzPUyVpapsx1sNfOlreDMTaMelQLHl6YoQzSRpLHYwrHrhimxyX2uDqnKIiuGel0Lhg==",
      "cpu": [
        "x64"
      ],
      "dev": true,
      "license": "Apache-2.0 OR MIT",
      "optional": true,
      "os": [
        "darwin"
      ],
      "engines": {
        "node": ">= 10"
      }
    },
    "node_modules/@tauri-apps/cli-linux-arm-gnueabihf": {
      "version": "2.9.3",
      "resolved": "http://mirrors.cloud.tencent.com/npm/@tauri-apps/cli-linux-arm-gnueabihf/-/cli-linux-arm-gnueabihf-2.9.3.tgz",
      "integrity": "sha512-+Oc2OfcTRwYtW93VJqd/HOk77buORwC9IToj/qsEvM7bTMq6Kda4alpZprzwrCHYANSw+zD8PgjJdljTpe4p+g==",
      "cpu": [
        "arm"
      ],
      "dev": true,
      "license": "Apache-2.0 OR MIT",
      "optional": true,
      "os": [
        "linux"
      ],
      "engines": {
        "node": ">= 10"
      }
    },
    "node_modules/@tauri-apps/cli-linux-arm64-gnu": {
      "version": "2.9.3",
      "resolved": "http://mirrors.cloud.tencent.com/npm/@tauri-apps/cli-linux-arm64-gnu/-/cli-linux-arm64-gnu-2.9.3.tgz",
      "integrity": "sha512-59GqU/J1n9wFyAtleoQOaU0oVIo+kwQynEw4meFDoKRXszKGor6lTsbsS3r0QKLSPbc0o/yYGJhqqCtkYjb/eg==",
      "cpu": [
        "arm64"
      ],
      "dev": true,
      "license": "Apache-2.0 OR MIT",
      "optional": true,
      "os": [
        "linux"
      ],
      "engines": {
        "node": ">= 10"
      }
    },
    "node_modules/@tauri-apps/cli-linux-arm64-musl": {
      "version": "2.9.3",
      "resolved": "http://mirrors.cloud.tencent.com/npm/@tauri-apps/cli-linux-arm64-musl/-/cli-linux-arm64-musl-2.9.3.tgz",
      "integrity": "sha512-fzvG+jEn5/iYGNH6Z2IRMheYFC4pJdXa19BR9fFm6Bdn2cuajRLDKdUcEME/DCtwqclphXtFZTrT4oezY5vI/A==",
      "cpu": [
        "arm64"
      ],
      "dev": true,
      "license": "Apache-2.0 OR MIT",
      "optional": true,
      "os": [
        "linux"
      ],
      "engines": {
        "node": ">= 10"
      }
    },
    "node_modules/@tauri-apps/cli-linux-riscv64-gnu": {
      "version": "2.9.3",
      "resolved": "http://mirrors.cloud.tencent.com/npm/@tauri-apps/cli-linux-riscv64-gnu/-/cli-linux-riscv64-gnu-2.9.3.tgz",
      "integrity": "sha512-qV8DZXI/fZwawk6T3Th1g6smiNC2KeQTk7XFgKvqZ6btC01z3UTsQmNGvI602zwm3Ld1TBZb4+rEWu2QmQimmw==",
      "cpu": [
        "riscv64"
      ],
      "dev": true,
      "license": "Apache-2.0 OR MIT",
      "optional": true,
      "os": [
        "linux"
      ],
      "engines": {
        "node": ">= 10"
      }
    },
    "node_modules/@tauri-apps/cli-linux-x64-gnu": {
      "version": "2.9.3",
      "resolved": "http://mirrors.cloud.tencent.com/npm/@tauri-apps/cli-linux-x64-gnu/-/cli-linux-x64-gnu-2.9.3.tgz",
      "integrity": "sha512-tquyEONCNRfqEBWEe4eAHnxFN5yY5lFkCuD4w79XLIovUxVftQ684+xLp7zkhntkt4y20SMj2AgJa/+MOlx4Kg==",
      "cpu": [
        "x64"
      ],
      "dev": true,
      "license": "Apache-2.0 OR MIT",
      "optional": true,
      "os": [
        "linux"
      ],
      "engines": {
        "node": ">= 10"
      }
    },
    "node_modules/@tauri-apps/cli-linux-x64-musl": {
      "version": "2.9.3",
      "resolved": "http://mirrors.cloud.tencent.com/npm/@tauri-apps/cli-linux-x64-musl/-/cli-linux-x64-musl-2.9.3.tgz",
      "integrity": "sha512-v2cBIB/6ji8DL+aiL5QUykU3ZO8OoJGyx50/qv2HQVzkf85KdaYSis3D/oVRemN/pcDz+vyCnnL3XnzFnDl4JQ==",
      "cpu": [
        "x64"
      ],
      "dev": true,
      "license": "Apache-2.0 OR MIT",
      "optional": true,
      "os": [
        "linux"
      ],
      "engines": {
        "node": ">= 10"
      }
    },
    "node_modules/@tauri-apps/cli-win32-arm64-msvc": {
      "version": "2.9.3",
      "resolved": "http://mirrors.cloud.tencent.com/npm/@tauri-apps/cli-win32-arm64-msvc/-/cli-win32-arm64-msvc-2.9.3.tgz",
      "integrity": "sha512-ZGvBy7nvrHPbE0HeKp/ioaiw8bNgAHxWnb7JRZ4/G0A+oFj0SeSFxl9k5uU6FKnM7bHM23Gd1oeaDex9g5Fceg==",
      "cpu": [
        "arm64"
      ],
      "dev": true,
      "license": "Apache-2.0 OR MIT",
      "optional": true,
      "os": [
        "win32"
      ],
      "engines": {
        "node": ">= 10"
      }
    },
    "node_modules/@tauri-apps/cli-win32-ia32-msvc": {
      "version": "2.9.3",
      "resolved": "http://mirrors.cloud.tencent.com/npm/@tauri-apps/cli-win32-ia32-msvc/-/cli-win32-ia32-msvc-2.9.3.tgz",
      "integrity": "sha512-UsgIwOnpCoY9NK9/65QiwgmWVIE80LE7SwRYVblGtmlY9RYfsYvpbItwsovA/AcHMTiO+OCvS/q9yLeqS3m6Sg==",
      "cpu": [
        "ia32"
      ],
      "dev": true,
      "license": "Apache-2.0 OR MIT",
      "optional": true,
      "os": [
        "win32"
      ],
      "engines": {
        "node": ">= 10"
      }
    },
    "node_modules/@tauri-apps/cli-win32-x64-msvc": {
      "version": "2.9.3",
      "resolved": "http://mirrors.cloud.tencent.com/npm/@tauri-apps/cli-win32-x64-msvc/-/cli-win32-x64-msvc-2.9.3.tgz",
      "integrity": "sha512-fmw7NrrHE5m49idCvJAx9T9bsupjdJ0a3p3DPCNCZRGANU6R1tA1L+KTlVuUtdAldX2NqU/9UPo2SCslYKgJHQ==",
      "cpu": [
        "x64"
      ],
      "dev": true,
      "license": "Apache-2.0 OR MIT",
      "optional": true,
      "os": [
        "win32"
      ],
      "engines": {
        "node": ">= 10"
      }
    }
  }
}
